{"1.1.0",
[{<<"gen_smtp">>,
  {git,"https://github.com/gen-smtp/gen_smtp.git",
       {ref,"62f585bf8d630908c9f958c978140f1012be0343"}},
  0},
 {<<"hut">>,{pkg,<<"hut">>,<<"1.3.0">>},1},
 {<<"jsx">>,{pkg,<<"jsx">>,<<"3.0.0">>},0},
 {<<"mochiweb">>,
  {git,"https://github.com/mochi/mochiweb.git",
       {ref,"070594e4d66163d662ac7e3bfb75dadcc922dd7c"}},
  0},
 {<<"ranch">>,{pkg,<<"ranch">>,<<"1.6.1">>},1}]}.
[
{pkg_hash,[
 {<<"hut">>, <<"71F2F054E657C03F959CF1ACC43F436EA87580696528CA2A55C8AFB1B06C85E7">>},
 {<<"jsx">>, <<"20A170ABD4335FC6DB24D5FAD1E5D677C55DADF83D1B20A8A33B5FE159892A39">>},
 {<<"ranch">>, <<"2609724C9A7E163CA716A46C9087E037DB4262935F5D866122BA158ED917C233">>}]}
].
